
Microsoft Visual Studio Solution File, Format Version 12.00
# Visual Studio Version 16
VisualStudioVersion = 16.0.29728.190
MinimumVisualStudioVersion = 10.0.40219.1
Project("{9A19103F-16F7-4668-BE54-9A1E7A4F7556}") = "GTT_Teletrac_Integration", "GTT_Teletrac_Integration\GTT_Teletrac_Integration.csproj", "{30271061-09D8-4698-9617-AC4D4E8C6505}"
EndProject
Global
	GlobalSection(SolutionConfigurationPlatforms) = preSolution
		Debug|Any CPU = Debug|Any CPU
		Release|Any CPU = Release|Any CPU
	EndGlobalSection
	GlobalSection(ProjectConfigurationPlatforms) = postSolution
		{30271061-09D8-4698-9617-AC4D4E8C6505}.Debug|Any CPU.ActiveCfg = Debug|Any CPU
		{30271061-09D8-4698-9617-AC4D4E8C6505}.Debug|Any CPU.Build.0 = Debug|Any CPU
		{30271061-09D8-4698-9617-AC4D4E8C6505}.Release|Any CPU.ActiveCfg = Release|Any CPU
		{30271061-09D8-4698-9617-AC4D4E8C6505}.Release|Any CPU.Build.0 = Release|Any CPU
	EndGlobalSection
	GlobalSection(SolutionProperties) = preSolution
		HideSolutionNode = FALSE
	EndGlobalSection
	GlobalSection(ExtensibilityGlobals) = postSolution
		SolutionGuid = {974A1B63-1023-43F0-B068-176FA660D44F}
	EndGlobalSection
EndGlobal
